PODS:
  - DMSLNavigation (0.1.0):
    - RxCocoa
    - RxSwift
    - RxViewController
  - RxCocoa (5.1.1):
    - RxRelay (~> 5)
    - RxSwift (~> 5)
  - RxRelay (5.1.1):
    - RxSwift (~> 5)
  - RxSwift (5.1.1)
  - RxViewController (1.0.0):
    - RxCocoa (~> 5.0)
    - RxSwift (~> 5.0)

DEPENDENCIES:
  - DMSLNavigation (from `../`)

SPEC REPOS:
  trunk:
    - RxCocoa
    - RxRelay
    - RxSwift
    - RxViewController

EXTERNAL SOURCES:
  DMSLNavigation:
    :path: "../"

SPEC CHECKSUMS:
  DMSLNavigation: b5ccb3b55cb0804df0d7efa09358580b4870bec2
  RxCocoa: 32065309a38d29b5b0db858819b5bf9ef038b601
  RxRelay: d77f7d771495f43c556cbc43eebd1bb54d01e8e9
  RxSwift: 81470a2074fa8780320ea5fe4102807cb7118178
  RxViewController: 7330a46e5c31cd680db169da4c9fc8676e975a81

PODFILE CHECKSUM: b7cbdbedcced76a282d88a4e7144e1967bc330f0

COCOAPODS: 1.9.3
